
Microsoft Visual Studio Solution File, Format Version 12.00
# Visual Studio Version 17
VisualStudioVersion = 17.5.33516.290
MinimumVisualStudioVersion = 10.0.40219.1
Project("{FAE04EC0-301F-11D3-BF4B-00C04F79EFBC}") = "SentenceBuilder.Api", "SentenceBuilder.Api\SentenceBuilder.Api.csproj", "{96EBDB29-FE34-4796-B300-1C73D8C5F774}"
EndProject
Global
	GlobalSection(SolutionConfigurationPlatforms) = preSolution
		Debug|Any CPU = Debug|Any CPU
		Release|Any CPU = Release|Any CPU
	EndGlobalSection
	GlobalSection(ProjectConfigurationPlatforms) = postSolution
		{96EBDB29-FE34-4796-B300-1C73D8C5F774}.Debug|Any CPU.ActiveCfg = Debug|Any CPU
		{96EBDB29-FE34-4796-B300-1C73D8C5F774}.Debug|Any CPU.Build.0 = Debug|Any CPU
		{96EBDB29-FE34-4796-B300-1C73D8C5F774}.Release|Any CPU.ActiveCfg = Release|Any CPU
		{96EBDB29-FE34-4796-B300-1C73D8C5F774}.Release|Any CPU.Build.0 = Release|Any CPU
	EndGlobalSection
	GlobalSection(SolutionProperties) = preSolution
		HideSolutionNode = FALSE
	EndGlobalSection
	GlobalSection(ExtensibilityGlobals) = postSolution
		SolutionGuid = {E5EBFB78-95BF-46A8-BED4-8FDEA9D93F65}
	EndGlobalSection
EndGlobal
